
Microsoft Visual Studio Solution File, Format Version 12.00
# Visual Studio 15
Project("{FAE04EC0-301F-11D3-BF4B-00C04F79EFBC}") = "Assembly-CSharp", "Assembly-CSharp.csproj", "{454BCEAE-5C9F-EF85-6FAF-F9BFCAD5FF85}"
EndProject
Project("{FAE04EC0-301F-11D3-BF4B-00C04F79EFBC}") = "Assembly-CSharp-Editor", "Assembly-CSharp-Editor.csproj", "{B30EC6F2-E47D-3784-5A6B-F11C58F0417D}"
EndProject
Global
	GlobalSection(SolutionConfigurationPlatforms) = preSolution
		Debug|Any CPU = Debug|Any CPU
		Release|Any CPU = Release|Any CPU
	EndGlobalSection
	GlobalSection(ProjectConfigurationPlatforms) = postSolution
		{454BCEAE-5C9F-EF85-6FAF-F9BFCAD5FF85}.Debug|Any CPU.ActiveCfg = Debug|Any CPU
		{454BCEAE-5C9F-EF85-6FAF-F9BFCAD5FF85}.Debug|Any CPU.Build.0 = Debug|Any CPU
		{454BCEAE-5C9F-EF85-6FAF-F9BFCAD5FF85}.Release|Any CPU.ActiveCfg = Release|Any CPU
		{454BCEAE-5C9F-EF85-6FAF-F9BFCAD5FF85}.Release|Any CPU.Build.0 = Release|Any CPU
		{B30EC6F2-E47D-3784-5A6B-F11C58F0417D}.Debug|Any CPU.ActiveCfg = Debug|Any CPU
		{B30EC6F2-E47D-3784-5A6B-F11C58F0417D}.Debug|Any CPU.Build.0 = Debug|Any CPU
		{B30EC6F2-E47D-3784-5A6B-F11C58F0417D}.Release|Any CPU.ActiveCfg = Release|Any CPU
		{B30EC6F2-E47D-3784-5A6B-F11C58F0417D}.Release|Any CPU.Build.0 = Release|Any CPU
	EndGlobalSection
	GlobalSection(SolutionProperties) = preSolution
		HideSolutionNode = FALSE
	EndGlobalSection
EndGlobal
